
Microsoft Visual Studio Solution File, Format Version 12.00
# Visual Studio Version 16
VisualStudioVersion = 16.0.30517.126
MinimumVisualStudioVersion = 10.0.40219.1
Project("{FAE04EC0-301F-11D3-BF4B-00C04F79EFBC}") = "BinaryFileHandling.App", "BinaryFileHandling.App\BinaryFileHandling.App.csproj", "{232553A0-4636-48A4-8351-9D638DD0086C}"
EndProject
Global
	GlobalSection(SolutionConfigurationPlatforms) = preSolution
		Debug|Any CPU = Debug|Any CPU
		Release|Any CPU = Release|Any CPU
	EndGlobalSection
	GlobalSection(ProjectConfigurationPlatforms) = postSolution
		{232553A0-4636-48A4-8351-9D638DD0086C}.Debug|Any CPU.ActiveCfg = Debug|Any CPU
		{232553A0-4636-48A4-8351-9D638DD0086C}.Debug|Any CPU.Build.0 = Debug|Any CPU
		{232553A0-4636-48A4-8351-9D638DD0086C}.Release|Any CPU.ActiveCfg = Release|Any CPU
		{232553A0-4636-48A4-8351-9D638DD0086C}.Release|Any CPU.Build.0 = Release|Any CPU
	EndGlobalSection
	GlobalSection(SolutionProperties) = preSolution
		HideSolutionNode = FALSE
	EndGlobalSection
	GlobalSection(ExtensibilityGlobals) = postSolution
		SolutionGuid = {5BEE516F-6B17-48DF-9348-B56A26C6FEE6}
	EndGlobalSection
EndGlobal
